
Microsoft Visual Studio Solution File, Format Version 12.00
# Visual Studio 15
VisualStudioVersion = 15.0.26124.0
MinimumVisualStudioVersion = 15.0.26124.0
Project("{FAE04EC0-301F-11D3-BF4B-00C04F79EFBC}") = "WireIntercept", "WireIntercept\WireIntercept.csproj", "{9EB81AE7-56F0-4ACC-8204-85A32292D73B}"
EndProject
Project("{FAE04EC0-301F-11D3-BF4B-00C04F79EFBC}") = "WireIntercept.Tests", "WireIntercept.Tests\WireIntercept.Tests.csproj", "{F2FA48D6-6EB5-478A-83C3-8C4B85AF5E3F}"
EndProject
Global
	GlobalSection(SolutionConfigurationPlatforms) = preSolution
		Debug|Any CPU = Debug|Any CPU
		Debug|x64 = Debug|x64
		Debug|x86 = Debug|x86
		Release|Any CPU = Release|Any CPU
		Release|x64 = Release|x64
		Release|x86 = Release|x86
	EndGlobalSection
	GlobalSection(SolutionProperties) = preSolution
		HideSolutionNode = FALSE
	EndGlobalSection
	GlobalSection(ProjectConfigurationPlatforms) = postSolution
		{9EB81AE7-56F0-4ACC-8204-85A32292D73B}.Debug|Any CPU.ActiveCfg = Debug|Any CPU
		{9EB81AE7-56F0-4ACC-8204-85A32292D73B}.Debug|Any CPU.Build.0 = Debug|Any CPU
		{9EB81AE7-56F0-4ACC-8204-85A32292D73B}.Debug|x64.ActiveCfg = Debug|Any CPU
		{9EB81AE7-56F0-4ACC-8204-85A32292D73B}.Debug|x64.Build.0 = Debug|Any CPU
		{9EB81AE7-56F0-4ACC-8204-85A32292D73B}.Debug|x86.ActiveCfg = Debug|Any CPU
		{9EB81AE7-56F0-4ACC-8204-85A32292D73B}.Debug|x86.Build.0 = Debug|Any CPU
		{9EB81AE7-56F0-4ACC-8204-85A32292D73B}.Release|Any CPU.ActiveCfg = Release|Any CPU
		{9EB81AE7-56F0-4ACC-8204-85A32292D73B}.Release|Any CPU.Build.0 = Release|Any CPU
		{9EB81AE7-56F0-4ACC-8204-85A32292D73B}.Release|x64.ActiveCfg = Release|Any CPU
		{9EB81AE7-56F0-4ACC-8204-85A32292D73B}.Release|x64.Build.0 = Release|Any CPU
		{9EB81AE7-56F0-4ACC-8204-85A32292D73B}.Release|x86.ActiveCfg = Release|Any CPU
		{9EB81AE7-56F0-4ACC-8204-85A32292D73B}.Release|x86.Build.0 = Release|Any CPU
		{F2FA48D6-6EB5-478A-83C3-8C4B85AF5E3F}.Debug|Any CPU.ActiveCfg = Debug|Any CPU
		{F2FA48D6-6EB5-478A-83C3-8C4B85AF5E3F}.Debug|Any CPU.Build.0 = Debug|Any CPU
		{F2FA48D6-6EB5-478A-83C3-8C4B85AF5E3F}.Debug|x64.ActiveCfg = Debug|Any CPU
		{F2FA48D6-6EB5-478A-83C3-8C4B85AF5E3F}.Debug|x64.Build.0 = Debug|Any CPU
		{F2FA48D6-6EB5-478A-83C3-8C4B85AF5E3F}.Debug|x86.ActiveCfg = Debug|Any CPU
		{F2FA48D6-6EB5-478A-83C3-8C4B85AF5E3F}.Debug|x86.Build.0 = Debug|Any CPU
		{F2FA48D6-6EB5-478A-83C3-8C4B85AF5E3F}.Release|Any CPU.ActiveCfg = Release|Any CPU
		{F2FA48D6-6EB5-478A-83C3-8C4B85AF5E3F}.Release|Any CPU.Build.0 = Release|Any CPU
		{F2FA48D6-6EB5-478A-83C3-8C4B85AF5E3F}.Release|x64.ActiveCfg = Release|Any CPU
		{F2FA48D6-6EB5-478A-83C3-8C4B85AF5E3F}.Release|x64.Build.0 = Release|Any CPU
		{F2FA48D6-6EB5-478A-83C3-8C4B85AF5E3F}.Release|x86.ActiveCfg = Release|Any CPU
		{F2FA48D6-6EB5-478A-83C3-8C4B85AF5E3F}.Release|x86.Build.0 = Release|Any CPU
	EndGlobalSection
EndGlobal
